{
  "name": "protocol-v1-compat",
  "version": "0.0.0",
  "lockfileVersion": 3,
  "requires": true,
  "packages": {
    "": {
      "name": "protocol-v1-compat",
      "version": "0.0.0",
      "license": "Apache-2.0",
      "dependencies": {
        "@playwright/test": "^1.59.1"
      },
      "devDependencies": {
        "@playwright/cli": "0.1.6",
        "@playwright/mcp": "0.0.70"
      },
      "engines": {
        "node": ">=18"
      }
    },
    "node_modules/@playwright/cli": {
      "version": "0.1.6",
      "resolved": "https://registry.npmjs.org/@playwright/cli/-/cli-0.1.6.tgz",
      "integrity": "sha512-6iY+826o8lvUK/ZPSRvUFDwQo2nSUa5dl9vOqK80ifPwrts3P3qzzc9X134mpO5xaQjaAkQPKoKJBV+eIWL5QQ==",
      "dev": true,
      "license": "Apache-2.0",
      "dependencies": {
        "minimist": "^1.2.5",
        "playwright": "1.60.0-alpha-1775584683000"
      },
      "bin": {
        "playwright-cli": "playwright-cli.js"
      },
      "engines": {
        "node": ">=18"
      }
    },
    "node_modules/@playwright/cli/node_modules/playwright": {
      "version": "1.60.0-alpha-1775584683000",
      "resolved": "https://registry.npmjs.org/playwright/-/playwright-1.60.0-alpha-1775584683000.tgz",
      "integrity": "sha512-LHCXlaF0ccE+Z/ergBQaW6NbX9Iq4vM8v4Bi8HjLhO7ThmiyALYZfc6yr3iDDQ5XOan5LtDMT7W6H+k3zVqt8A==",
      "dev": true,
      "license": "Apache-2.0",
      "dependencies": {
        "playwright-core": "1.60.0-alpha-1775584683000"
      },
      "bin": {
        "playwright": "cli.js"
      },
      "engines": {
        "node": ">=18"
      },
      "optionalDependencies": {
        "fsevents": "2.3.2"
      }
    },
    "node_modules/@playwright/cli/node_modules/playwright-core": {
      "version": "1.60.0-alpha-1775584683000",
      "resolved": "https://registry.npmjs.org/playwright-core/-/playwright-core-1.60.0-alpha-1775584683000.tgz",
      "integrity": "sha512-ufL1tdjK+2pyt5Jqft71MJmyixa0GMWd6dlHsQKxImD9XrJrFUvOC4jr4ISSYwgl66E37pBM89LxjGEgSaRcjw==",
      "dev": true,
      "license": "Apache-2.0",
      "bin": {
        "playwright-core": "cli.js"
      },
      "engines": {
        "node": ">=18"
      }
    },
    "node_modules/@playwright/mcp": {
      "version": "0.0.70",
      "resolved": "https://registry.npmjs.org/@playwright/mcp/-/mcp-0.0.70.tgz",
      "integrity": "sha512-Kl0a6l9VL8rvT1oBou3hS5yArjwWV9UlwAkq+0skfK1YVg8XfmmNaAmwZhMeNx/ZhGiWXfCllo6rD/jvZz+WuA==",
      "dev": true,
      "license": "Apache-2.0",
      "dependencies": {
        "playwright": "1.60.0-alpha-1774999321000",
        "playwright-core": "1.60.0-alpha-1774999321000"
      },
      "bin": {
        "playwright-mcp": "cli.js"
      },
      "engines": {
        "node": ">=18"
      }
    },
    "node_modules/@playwright/test": {
      "version": "1.59.1",
      "resolved": "https://registry.npmjs.org/@playwright/test/-/test-1.59.1.tgz",
      "integrity": "sha512-PG6q63nQg5c9rIi4/Z5lR5IVF7yU5MqmKaPOe0HSc0O2cX1fPi96sUQu5j7eo4gKCkB2AnNGoWt7y4/Xx3Kcqg==",
      "license": "Apache-2.0",
      "dependencies": {
        "playwright": "1.59.1"
      },
      "bin": {
        "playwright": "cli.js"
      },
      "engines": {
        "node": ">=18"
      }
    },
    "node_modules/@playwright/test/node_modules/playwright": {
      "version": "1.59.1",
      "resolved": "https://registry.npmjs.org/playwright/-/playwright-1.59.1.tgz",
      "integrity": "sha512-C8oWjPR3F81yljW9o5OxcWzfh6avkVwDD2VYdwIGqTkl+OGFISgypqzfu7dOe4QNLL2aqcWBmI3PMtLIK233lw==",
      "license": "Apache-2.0",
      "dependencies": {
        "playwright-core": "1.59.1"
      },
      "bin": {
        "playwright": "cli.js"
      },
      "engines": {
        "node": ">=18"
      },
      "optionalDependencies": {
        "fsevents": "2.3.2"
      }
    },
    "node_modules/@playwright/test/node_modules/playwright-core": {
      "version": "1.59.1",
      "resolved": "https://registry.npmjs.org/playwright-core/-/playwright-core-1.59.1.tgz",
      "integrity": "sha512-HBV/RJg81z5BiiZ9yPzIiClYV/QMsDCKUyogwH9p3MCP6IYjUFu/MActgYAvK0oWyV9NlwM3GLBjADyWgydVyg==",
      "license": "Apache-2.0",
      "bin": {
        "playwright-core": "cli.js"
      },
      "engines": {
        "node": ">=18"
      }
    },
    "node_modules/fsevents": {
      "version": "2.3.2",
      "resolved": "https://registry.npmjs.org/fsevents/-/fsevents-2.3.2.tgz",
      "integrity": "sha512-xiqMQR4xAeHTuB9uWm+fFRcIOgKBMiOBP+eXiyT7jsgVCq1bkVygt00oASowB7EdtpOHaaPgKt812P9ab+DDKA==",
      "hasInstallScript": true,
      "license": "MIT",
      "optional": true,
      "os": [
        "darwin"
      ],
      "engines": {
        "node": "^8.16.0 || ^10.6.0 || >=11.0.0"
      }
    },
    "node_modules/minimist": {
      "version": "1.2.8",
      "resolved": "https://registry.npmjs.org/minimist/-/minimist-1.2.8.tgz",
      "integrity": "sha512-2yyAR8qBkN3YuheJanUpWC5U3bb5osDywNB8RzDVlDwDHbocAJveqqj1u8+SVD7jkWT4yvsHCpWqqWqAxb0zCA==",
      "dev": true,
      "license": "MIT",
      "funding": {
        "url": "https://github.com/sponsors/ljharb"
      }
    },
    "node_modules/playwright": {
      "version": "1.60.0-alpha-1774999321000",
      "resolved": "https://registry.npmjs.org/playwright/-/playwright-1.60.0-alpha-1774999321000.tgz",
      "integrity": "sha512-Bd5DkzYKG+2g1jLO6NeTXmGLbBYSFffJIOsR4l4hUBkJvzvGGdLZ7jZb2tOtb0WIoWXQKdQj3Ap6WthV4DBS8w==",
      "dev": true,
      "license": "Apache-2.0",
      "dependencies": {
        "playwright-core": "1.60.0-alpha-1774999321000"
      },
      "bin": {
        "playwright": "cli.js"
      },
      "engines": {
        "node": ">=18"
      },
      "optionalDependencies": {
        "fsevents": "2.3.2"
      }
    },
    "node_modules/playwright-core": {
      "version": "1.60.0-alpha-1774999321000",
      "resolved": "https://registry.npmjs.org/playwright-core/-/playwright-core-1.60.0-alpha-1774999321000.tgz",
      "integrity": "sha512-ams3Zo4VXxeOg5ZTTh16GkE8g48Bmxo/9pg9gXl9SVKlVohCU7Jaog7XntY8yFuzENA6dJc1Fz7Z/NNTm9nGEw==",
      "dev": true,
      "license": "Apache-2.0",
      "bin": {
        "playwright-core": "cli.js"
      },
      "engines": {
        "node": ">=18"
      }
    }
  }
}
